// !$*UTF8*$!
{
	archiveVersion = 1;
	classes = {
	};
	objectVersion = 50;
	objects = {

/* Begin PBXBuildFile section */
		C41E3D9423BEFF68002E3987 /* SettingsView.swift in Sources */ = {isa = PBXBuildFile; fileRef = C41E3D9323BEFF68002E3987 /* SettingsView.swift */; };
		C41E3D9623BFA9BA002E3987 /* SettingsManager.swift in Sources */ = {isa = PBXBuildFile; fileRef = C41E3D9523BFA9BA002E3987 /* SettingsManager.swift */; };
		C41E3D9823BFBC43002E3987 /* SettingsViewModel.swift in Sources */ = {isa = PBXBuildFile; fileRef = C41E3D9723BFBC43002E3987 /* SettingsViewModel.swift */; };
		C41E3D9B23C52716002E3987 /* NewsAPIorg.swift in Sources */ = {isa = PBXBuildFile; fileRef = C41E3D9A23C52716002E3987 /* NewsAPIorg.swift */; };
		C4514FBA23A85FE50007EBFB /* AppDelegate.swift in Sources */ = {isa = PBXBuildFile; fileRef = C4514FB923A85FE50007EBFB /* AppDelegate.swift */; };
		C4514FBC23A85FE50007EBFB /* SceneDelegate.swift in Sources */ = {isa = PBXBuildFile; fileRef = C4514FBB23A85FE50007EBFB /* SceneDelegate.swift */; };
		C4514FBE23A85FE50007EBFB /* ContentView.swift in Sources */ = {isa = PBXBuildFile; fileRef = C4514FBD23A85FE50007EBFB /* ContentView.swift */; };
		C4514FC023A85FE80007EBFB /* Assets.xcassets in Resources */ = {isa = PBXBuildFile; fileRef = C4514FBF23A85FE80007EBFB /* Assets.xcassets */; };
		C4514FC323A85FE80007EBFB /* Preview Assets.xcassets in Resources */ = {isa = PBXBuildFile; fileRef = C4514FC223A85FE80007EBFB /* Preview Assets.xcassets */; };
		C4514FC623A85FE80007EBFB /* LaunchScreen.storyboard in Resources */ = {isa = PBXBuildFile; fileRef = C4514FC423A85FE80007EBFB /* LaunchScreen.storyboard */; };
		C4514FCF23A8617A0007EBFB /* FeedManager.swift in Sources */ = {isa = PBXBuildFile; fileRef = C4514FCE23A8617A0007EBFB /* FeedManager.swift */; };
		C4514FD223A872500007EBFB /* NewsFeedView.swift in Sources */ = {isa = PBXBuildFile; fileRef = C4514FD123A872500007EBFB /* NewsFeedView.swift */; };
		C4514FD423A876C60007EBFB /* feed-page1.json in Resources */ = {isa = PBXBuildFile; fileRef = C4514FD323A876C60007EBFB /* feed-page1.json */; };
		C4514FD623A8771F0007EBFB /* feed-page2.json in Resources */ = {isa = PBXBuildFile; fileRef = C4514FD523A8771F0007EBFB /* feed-page2.json */; };
		C4514FD823A8862D0007EBFB /* feed-page3.json in Resources */ = {isa = PBXBuildFile; fileRef = C4514FD723A8862D0007EBFB /* feed-page3.json */; };
		C47EFC3523BC0CCD000DDD08 /* ItemImageViewModel.swift in Sources */ = {isa = PBXBuildFile; fileRef = C47EFC3423BC0CCD000DDD08 /* ItemImageViewModel.swift */; };
		C47EFC3723BC86F4000DDD08 /* NewsFeedListItemImage.swift in Sources */ = {isa = PBXBuildFile; fileRef = C47EFC3623BC86F4000DDD08 /* NewsFeedListItemImage.swift */; };
		C47EFC3A23BC991A000DDD08 /* UIImage-extension-publish-downloaded.swift in Sources */ = {isa = PBXBuildFile; fileRef = C47EFC3923BC991A000DDD08 /* UIImage-extension-publish-downloaded.swift */; };
		C47EFC3C23BCF2A1000DDD08 /* FeedViewModel.swift in Sources */ = {isa = PBXBuildFile; fileRef = C47EFC3B23BCF2A1000DDD08 /* FeedViewModel.swift */; };
		C47EFC3E23BCF332000DDD08 /* FeedItemViewModel.swift in Sources */ = {isa = PBXBuildFile; fileRef = C47EFC3D23BCF332000DDD08 /* FeedItemViewModel.swift */; };
		C47EFC4023BCFF88000DDD08 /* NewsFeedListItemView.swift in Sources */ = {isa = PBXBuildFile; fileRef = C47EFC3F23BCFF88000DDD08 /* NewsFeedListItemView.swift */; };
		C47EFC4223BD8315000DDD08 /* WebView.swift in Sources */ = {isa = PBXBuildFile; fileRef = C47EFC4123BD8314000DDD08 /* WebView.swift */; };
		C47EFC4523BD946B000DDD08 /* FeedItemWebView.swift in Sources */ = {isa = PBXBuildFile; fileRef = C47EFC4423BD946B000DDD08 /* FeedItemWebView.swift */; };
		C4919E1223BB1BC6002975CD /* ClearButton.swift in Sources */ = {isa = PBXBuildFile; fileRef = C4919E1123BB1BC6002975CD /* ClearButton.swift */; };
		C4E8A90623BE82E3001B959A /* notes.txt in Resources */ = {isa = PBXBuildFile; fileRef = C4E8A90523BE82E3001B959A /* notes.txt */; };
/* End PBXBuildFile section */

/* Begin PBXFileReference section */
		C41E3D9323BEFF68002E3987 /* SettingsView.swift */ = {isa = PBXFileReference; lastKnownFileType = sourcecode.swift; path = SettingsView.swift; sourceTree = "<group>"; };
		C41E3D9523BFA9BA002E3987 /* SettingsManager.swift */ = {isa = PBXFileReference; lastKnownFileType = sourcecode.swift; path = SettingsManager.swift; sourceTree = "<group>"; };
		C41E3D9723BFBC43002E3987 /* SettingsViewModel.swift */ = {isa = PBXFileReference; lastKnownFileType = sourcecode.swift; path = SettingsViewModel.swift; sourceTree = "<group>"; };
		C41E3D9A23C52716002E3987 /* NewsAPIorg.swift */ = {isa = PBXFileReference; lastKnownFileType = sourcecode.swift; path = NewsAPIorg.swift; sourceTree = "<group>"; };
		C4514FB623A85FE50007EBFB /* NewsApp.app */ = {isa = PBXFileReference; explicitFileType = wrapper.application; includeInIndex = 0; path = NewsApp.app; sourceTree = BUILT_PRODUCTS_DIR; };
		C4514FB923A85FE50007EBFB /* AppDelegate.swift */ = {isa = PBXFileReference; lastKnownFileType = sourcecode.swift; path = AppDelegate.swift; sourceTree = "<group>"; };
		C4514FBB23A85FE50007EBFB /* SceneDelegate.swift */ = {isa = PBXFileReference; lastKnownFileType = sourcecode.swift; path = SceneDelegate.swift; sourceTree = "<group>"; };
		C4514FBD23A85FE50007EBFB /* ContentView.swift */ = {isa = PBXFileReference; lastKnownFileType = sourcecode.swift; path = ContentView.swift; sourceTree = "<group>"; };
		C4514FBF23A85FE80007EBFB /* Assets.xcassets */ = {isa = PBXFileReference; lastKnownFileType = folder.assetcatalog; path = Assets.xcassets; sourceTree = "<group>"; };
		C4514FC223A85FE80007EBFB /* Preview Assets.xcassets */ = {isa = PBXFileReference; lastKnownFileType = folder.assetcatalog; path = "Preview Assets.xcassets"; sourceTree = "<group>"; };
		C4514FC523A85FE80007EBFB /* Base */ = {isa = PBXFileReference; lastKnownFileType = file.storyboard; name = Base; path = Base.lproj/LaunchScreen.storyboard; sourceTree = "<group>"; };
		C4514FC723A85FE80007EBFB /* Info.plist */ = {isa = PBXFileReference; lastKnownFileType = text.plist.xml; path = Info.plist; sourceTree = "<group>"; };
		C4514FCE23A8617A0007EBFB /* FeedManager.swift */ = {isa = PBXFileReference; lastKnownFileType = sourcecode.swift; path = FeedManager.swift; sourceTree = "<group>"; };
		C4514FD123A872500007EBFB /* NewsFeedView.swift */ = {isa = PBXFileReference; lastKnownFileType = sourcecode.swift; path = NewsFeedView.swift; sourceTree = "<group>"; };
		C4514FD323A876C60007EBFB /* feed-page1.json */ = {isa = PBXFileReference; lastKnownFileType = text.json; path = "feed-page1.json"; sourceTree = "<group>"; };
		C4514FD523A8771F0007EBFB /* feed-page2.json */ = {isa = PBXFileReference; lastKnownFileType = text.json; path = "feed-page2.json"; sourceTree = "<group>"; };
		C4514FD723A8862D0007EBFB /* feed-page3.json */ = {isa = PBXFileReference; lastKnownFileType = text.json; path = "feed-page3.json"; sourceTree = "<group>"; };
		C47EFC3423BC0CCD000DDD08 /* ItemImageViewModel.swift */ = {isa = PBXFileReference; lastKnownFileType = sourcecode.swift; path = ItemImageViewModel.swift; sourceTree = "<group>"; };
		C47EFC3623BC86F4000DDD08 /* NewsFeedListItemImage.swift */ = {isa = PBXFileReference; lastKnownFileType = sourcecode.swift; path = NewsFeedListItemImage.swift; sourceTree = "<group>"; };
		C47EFC3923BC991A000DDD08 /* UIImage-extension-publish-downloaded.swift */ = {isa = PBXFileReference; lastKnownFileType = sourcecode.swift; path = "UIImage-extension-publish-downloaded.swift"; sourceTree = "<group>"; };
		C47EFC3B23BCF2A1000DDD08 /* FeedViewModel.swift */ = {isa = PBXFileReference; lastKnownFileType = sourcecode.swift; path = FeedViewModel.swift; sourceTree = "<group>"; };
		C47EFC3D23BCF332000DDD08 /* FeedItemViewModel.swift */ = {isa = PBXFileReference; lastKnownFileType = sourcecode.swift; path = FeedItemViewModel.swift; sourceTree = "<group>"; };
		C47EFC3F23BCFF88000DDD08 /* NewsFeedListItemView.swift */ = {isa = PBXFileReference; lastKnownFileType = sourcecode.swift; path = NewsFeedListItemView.swift; sourceTree = "<group>"; };
		C47EFC4123BD8314000DDD08 /* WebView.swift */ = {isa = PBXFileReference; lastKnownFileType = sourcecode.swift; path = WebView.swift; sourceTree = "<group>"; };
		C47EFC4423BD946B000DDD08 /* FeedItemWebView.swift */ = {isa = PBXFileReference; lastKnownFileType = sourcecode.swift; path = FeedItemWebView.swift; sourceTree = "<group>"; };
		C4919E1123BB1BC6002975CD /* ClearButton.swift */ = {isa = PBXFileReference; lastKnownFileType = sourcecode.swift; path = ClearButton.swift; sourceTree = "<group>"; };
		C4E8A90523BE82E3001B959A /* notes.txt */ = {isa = PBXFileReference; lastKnownFileType = text; path = notes.txt; sourceTree = "<group>"; };
/* End PBXFileReference section */

/* Begin PBXFrameworksBuildPhase section */
		C4514FB323A85FE50007EBFB /* Frameworks */ = {
			isa = PBXFrameworksBuildPhase;
			buildActionMask = 2147483647;
			files = (
			);
			runOnlyForDeploymentPostprocessing = 0;
		};
/* End PBXFrameworksBuildPhase section */

/* Begin PBXGroup section */
		C41E3D9923C525D4002E3987 /* FeedAPI */ = {
			isa = PBXGroup;
			children = (
				C41E3D9A23C52716002E3987 /* NewsAPIorg.swift */,
			);
			path = FeedAPI;
			sourceTree = "<group>";
		};
		C41E3D9C23C52C49002E3987 /* Services */ = {
			isa = PBXGroup;
			children = (
				C4514FCE23A8617A0007EBFB /* FeedManager.swift */,
				C41E3D9523BFA9BA002E3987 /* SettingsManager.swift */,
			);
			path = Services;
			sourceTree = "<group>";
		};
		C4514FAD23A85FE50007EBFB = {
			isa = PBXGroup;
			children = (
				C4E8A90523BE82E3001B959A /* notes.txt */,
				C4514FB823A85FE50007EBFB /* NewsApp */,
				C4514FB723A85FE50007EBFB /* Products */,
			);
			sourceTree = "<group>";
		};
		C4514FB723A85FE50007EBFB /* Products */ = {
			isa = PBXGroup;
			children = (
				C4514FB623A85FE50007EBFB /* NewsApp.app */,
			);
			name = Products;
			sourceTree = "<group>";
		};
		C4514FB823A85FE50007EBFB /* NewsApp */ = {
			isa = PBXGroup;
			children = (
				C41E3D9C23C52C49002E3987 /* Services */,
				C47EFC4323BD93FC000DDD08 /* Types */,
				C47EFC3823BC9859000DDD08 /* Extensions */,
				C47EFC3323BC0C40000DDD08 /* ViewModel */,
				C468604E23BAE0B90012D80A /* ViewModifiers */,
				C4514FD023A8723C0007EBFB /* View */,
				C4514FCD23A8605C0007EBFB /* Model */,
				C4514FB923A85FE50007EBFB /* AppDelegate.swift */,
				C4514FBB23A85FE50007EBFB /* SceneDelegate.swift */,
				C4514FBD23A85FE50007EBFB /* ContentView.swift */,
				C4514FBF23A85FE80007EBFB /* Assets.xcassets */,
				C4514FC423A85FE80007EBFB /* LaunchScreen.storyboard */,
				C4514FC723A85FE80007EBFB /* Info.plist */,
				C4514FC123A85FE80007EBFB /* Preview Content */,
			);
			path = NewsApp;
			sourceTree = "<group>";
		};
		C4514FC123A85FE80007EBFB /* Preview Content */ = {
			isa = PBXGroup;
			children = (
				C4514FC223A85FE80007EBFB /* Preview Assets.xcassets */,
				C4514FD323A876C60007EBFB /* feed-page1.json */,
				C4514FD523A8771F0007EBFB /* feed-page2.json */,
				C4514FD723A8862D0007EBFB /* feed-page3.json */,
			);
			path = "Preview Content";
			sourceTree = "<group>";
		};
		C4514FCD23A8605C0007EBFB /* Model */ = {
			isa = PBXGroup;
			children = (
				C41E3D9923C525D4002E3987 /* FeedAPI */,
			);
			path = Model;
			sourceTree = "<group>";
		};
		C4514FD023A8723C0007EBFB /* View */ = {
			isa = PBXGroup;
			children = (
				C4514FD123A872500007EBFB /* NewsFeedView.swift */,
				C47EFC3623BC86F4000DDD08 /* NewsFeedListItemImage.swift */,
				C47EFC3F23BCFF88000DDD08 /* NewsFeedListItemView.swift */,
				C47EFC4423BD946B000DDD08 /* FeedItemWebView.swift */,
				C41E3D9323BEFF68002E3987 /* SettingsView.swift */,
			);
			path = View;
			sourceTree = "<group>";
		};
		C468604E23BAE0B90012D80A /* ViewModifiers */ = {
			isa = PBXGroup;
			children = (
				C4919E1123BB1BC6002975CD /* ClearButton.swift */,
			);
			path = ViewModifiers;
			sourceTree = "<group>";
		};
		C47EFC3323BC0C40000DDD08 /* ViewModel */ = {
			isa = PBXGroup;
			children = (
				C47EFC3B23BCF2A1000DDD08 /* FeedViewModel.swift */,
				C47EFC3D23BCF332000DDD08 /* FeedItemViewModel.swift */,
				C47EFC3423BC0CCD000DDD08 /* ItemImageViewModel.swift */,
				C41E3D9723BFBC43002E3987 /* SettingsViewModel.swift */,
			);
			path = ViewModel;
			sourceTree = "<group>";
		};
		C47EFC3823BC9859000DDD08 /* Extensions */ = {
			isa = PBXGroup;
			children = (
				C47EFC3923BC991A000DDD08 /* UIImage-extension-publish-downloaded.swift */,
			);
			path = Extensions;
			sourceTree = "<group>";
		};
		C47EFC4323BD93FC000DDD08 /* Types */ = {
			isa = PBXGroup;
			children = (
				C47EFC4123BD8314000DDD08 /* WebView.swift */,
			);
			path = Types;
			sourceTree = "<group>";
		};
/* End PBXGroup section */

/* Begin PBXNativeTarget section */
		C4514FB523A85FE50007EBFB /* NewsApp */ = {
			isa = PBXNativeTarget;
			buildConfigurationList = C4514FCA23A85FE80007EBFB /* Build configuration list for PBXNativeTarget "NewsApp" */;
			buildPhases = (
				C4514FB223A85FE50007EBFB /* Sources */,
				C4514FB323A85FE50007EBFB /* Frameworks */,
				C4514FB423A85FE50007EBFB /* Resources */,
			);
			buildRules = (
			);
			dependencies = (
			);
			name = NewsApp;
			productName = NewsApp;
			productReference = C4514FB623A85FE50007EBFB /* NewsApp.app */;
			productType = "com.apple.product-type.application";
		};
/* End PBXNativeTarget section */

/* Begin PBXProject section */
		C4514FAE23A85FE50007EBFB /* Project object */ = {
			isa = PBXProject;
			attributes = {
				LastSwiftUpdateCheck = 1130;
				LastUpgradeCheck = 1130;
				ORGANIZATIONNAME = "Five Lions";
				TargetAttributes = {
					C4514FB523A85FE50007EBFB = {
						CreatedOnToolsVersion = 11.3;
					};
				};
			};
			buildConfigurationList = C4514FB123A85FE50007EBFB /* Build configuration list for PBXProject "NewsApp" */;
			compatibilityVersion = "Xcode 9.3";
			developmentRegion = en;
			hasScannedForEncodings = 0;
			knownRegions = (
				en,
				Base,
			);
			mainGroup = C4514FAD23A85FE50007EBFB;
			productRefGroup = C4514FB723A85FE50007EBFB /* Products */;
			projectDirPath = "";
			projectRoot = "";
			targets = (
				C4514FB523A85FE50007EBFB /* NewsApp */,
			);
		};
/* End PBXProject section */

/* Begin PBXResourcesBuildPhase section */
		C4514FB423A85FE50007EBFB /* Resources */ = {
			isa = PBXResourcesBuildPhase;
			buildActionMask = 2147483647;
			files = (
				C4514FC623A85FE80007EBFB /* LaunchScreen.storyboard in Resources */,
				C4E8A90623BE82E3001B959A /* notes.txt in Resources */,
				C4514FC323A85FE80007EBFB /* Preview Assets.xcassets in Resources */,
				C4514FD423A876C60007EBFB /* feed-page1.json in Resources */,
				C4514FC023A85FE80007EBFB /* Assets.xcassets in Resources */,
				C4514FD823A8862D0007EBFB /* feed-page3.json in Resources */,
				C4514FD623A8771F0007EBFB /* feed-page2.json in Resources */,
			);
			runOnlyForDeploymentPostprocessing = 0;
		};
/* End PBXResourcesBuildPhase section */

/* Begin PBXSourcesBuildPhase section */
		C4514FB223A85FE50007EBFB /* Sources */ = {
			isa = PBXSourcesBuildPhase;
			buildActionMask = 2147483647;
			files = (
				C41E3D9423BEFF68002E3987 /* SettingsView.swift in Sources */,
				C47EFC3523BC0CCD000DDD08 /* ItemImageViewModel.swift in Sources */,
				C4514FCF23A8617A0007EBFB /* FeedManager.swift in Sources */,
				C4514FD223A872500007EBFB /* NewsFeedView.swift in Sources */,
				C47EFC3A23BC991A000DDD08 /* UIImage-extension-publish-downloaded.swift in Sources */,
				C47EFC3C23BCF2A1000DDD08 /* FeedViewModel.swift in Sources */,
				C4514FBA23A85FE50007EBFB /* AppDelegate.swift in Sources */,
				C4514FBC23A85FE50007EBFB /* SceneDelegate.swift in Sources */,
				C41E3D9823BFBC43002E3987 /* SettingsViewModel.swift in Sources */,
				C4514FBE23A85FE50007EBFB /* ContentView.swift in Sources */,
				C41E3D9B23C52716002E3987 /* NewsAPIorg.swift in Sources */,
				C47EFC4023BCFF88000DDD08 /* NewsFeedListItemView.swift in Sources */,
				C41E3D9623BFA9BA002E3987 /* SettingsManager.swift in Sources */,
				C47EFC3E23BCF332000DDD08 /* FeedItemViewModel.swift in Sources */,
				C47EFC3723BC86F4000DDD08 /* NewsFeedListItemImage.swift in Sources */,
				C4919E1223BB1BC6002975CD /* ClearButton.swift in Sources */,
				C47EFC4223BD8315000DDD08 /* WebView.swift in Sources */,
				C47EFC4523BD946B000DDD08 /* FeedItemWebView.swift in Sources */,
			);
			runOnlyForDeploymentPostprocessing = 0;
		};
/* End PBXSourcesBuildPhase section */

/* Begin PBXVariantGroup section */
		C4514FC423A85FE80007EBFB /* LaunchScreen.storyboard */ = {
			isa = PBXVariantGroup;
			children = (
				C4514FC523A85FE80007EBFB /* Base */,
			);
			name = LaunchScreen.storyboard;
			sourceTree = "<group>";
		};
/* End PBXVariantGroup section */

/* Begin XCBuildConfiguration section */
		C4514FC823A85FE80007EBFB /* Debug */ = {
			isa = XCBuildConfiguration;
			buildSettings = {
				ALWAYS_SEARCH_USER_PATHS = NO;
				CLANG_ANALYZER_NONNULL = YES;
				CLANG_ANALYZER_NUMBER_OBJECT_CONVERSION = YES_AGGRESSIVE;
				CLANG_CXX_LANGUAGE_STANDARD = "gnu++14";
				CLANG_CXX_LIBRARY = "libc++";
				CLANG_ENABLE_MODULES = YES;
				CLANG_ENABLE_OBJC_ARC = YES;
				CLANG_ENABLE_OBJC_WEAK = YES;
				CLANG_WARN_BLOCK_CAPTURE_AUTORELEASING = YES;
				CLANG_WARN_BOOL_CONVERSION = YES;
				CLANG_WARN_COMMA = YES;
				CLANG_WARN_CONSTANT_CONVERSION = YES;
				CLANG_WARN_DEPRECATED_OBJC_IMPLEMENTATIONS = YES;
				CLANG_WARN_DIRECT_OBJC_ISA_USAGE = YES_ERROR;
				CLANG_WARN_DOCUMENTATION_COMMENTS = YES;
				CLANG_WARN_EMPTY_BODY = YES;
				CLANG_WARN_ENUM_CONVERSION = YES;
				CLANG_WARN_INFINITE_RECURSION = YES;
				CLANG_WARN_INT_CONVERSION = YES;
				CLANG_WARN_NON_LITERAL_NULL_CONVERSION = YES;
				CLANG_WARN_OBJC_IMPLICIT_RETAIN_SELF = YES;
				CLANG_WARN_OBJC_LITERAL_CONVERSION = YES;
				CLANG_WARN_OBJC_ROOT_CLASS = YES_ERROR;
				CLANG_WARN_RANGE_LOOP_ANALYSIS = YES;
				CLANG_WARN_STRICT_PROTOTYPES = YES;
				CLANG_WARN_SUSPICIOUS_MOVE = YES;
				CLANG_WARN_UNGUARDED_AVAILABILITY = YES_AGGRESSIVE;
				CLANG_WARN_UNREACHABLE_CODE = YES;
				CLANG_WARN__DUPLICATE_METHOD_MATCH = YES;
				COPY_PHASE_STRIP = NO;
				DEBUG_INFORMATION_FORMAT = dwarf;
				ENABLE_STRICT_OBJC_MSGSEND = YES;
				ENABLE_TESTABILITY = YES;
				GCC_C_LANGUAGE_STANDARD = gnu11;
				GCC_DYNAMIC_NO_PIC = NO;
				GCC_NO_COMMON_BLOCKS = YES;
				GCC_OPTIMIZATION_LEVEL = 0;
				GCC_PREPROCESSOR_DEFINITIONS = (
					"DEBUG=1",
					"$(inherited)",
				);
				GCC_WARN_64_TO_32_BIT_CONVERSION = YES;
				GCC_WARN_ABOUT_RETURN_TYPE = YES_ERROR;
				GCC_WARN_UNDECLARED_SELECTOR = YES;
				GCC_WARN_UNINITIALIZED_AUTOS = YES_AGGRESSIVE;
				GCC_WARN_UNUSED_FUNCTION = YES;
				GCC_WARN_UNUSED_VARIABLE = YES;
				IPHONEOS_DEPLOYMENT_TARGET = 13.2;
				MTL_ENABLE_DEBUG_INFO = INCLUDE_SOURCE;
				MTL_FAST_MATH = YES;
				ONLY_ACTIVE_ARCH = YES;
				SDKROOT = iphoneos;
				SWIFT_ACTIVE_COMPILATION_CONDITIONS = DEBUG;
				SWIFT_OPTIMIZATION_LEVEL = "-Onone";
			};
			name = Debug;
		};
		C4514FC923A85FE80007EBFB /* Release */ = {
			isa = XCBuildConfiguration;
			buildSettings = {
				ALWAYS_SEARCH_USER_PATHS = NO;
				CLANG_ANALYZER_NONNULL = YES;
				CLANG_ANALYZER_NUMBER_OBJECT_CONVERSION = YES_AGGRESSIVE;
				CLANG_CXX_LANGUAGE_STANDARD = "gnu++14";
				CLANG_CXX_LIBRARY = "libc++";
				CLANG_ENABLE_MODULES = YES;
				CLANG_ENABLE_OBJC_ARC = YES;
				CLANG_ENABLE_OBJC_WEAK = YES;
				CLANG_WARN_BLOCK_CAPTURE_AUTORELEASING = YES;
				CLANG_WARN_BOOL_CONVERSION = YES;
				CLANG_WARN_COMMA = YES;
				CLANG_WARN_CONSTANT_CONVERSION = YES;
				CLANG_WARN_DEPRECATED_OBJC_IMPLEMENTATIONS = YES;
				CLANG_WARN_DIRECT_OBJC_ISA_USAGE = YES_ERROR;
				CLANG_WARN_DOCUMENTATION_COMMENTS = YES;
				CLANG_WARN_EMPTY_BODY = YES;
				CLANG_WARN_ENUM_CONVERSION = YES;
				CLANG_WARN_INFINITE_RECURSION = YES;
				CLANG_WARN_INT_CONVERSION = YES;
				CLANG_WARN_NON_LITERAL_NULL_CONVERSION = YES;
				CLANG_WARN_OBJC_IMPLICIT_RETAIN_SELF = YES;
				CLANG_WARN_OBJC_LITERAL_CONVERSION = YES;
				CLANG_WARN_OBJC_ROOT_CLASS = YES_ERROR;
				CLANG_WARN_RANGE_LOOP_ANALYSIS = YES;
				CLANG_WARN_STRICT_PROTOTYPES = YES;
				CLANG_WARN_SUSPICIOUS_MOVE = YES;
				CLANG_WARN_UNGUARDED_AVAILABILITY = YES_AGGRESSIVE;
				CLANG_WARN_UNREACHABLE_CODE = YES;
				CLANG_WARN__DUPLICATE_METHOD_MATCH = YES;
				COPY_PHASE_STRIP = NO;
				DEBUG_INFORMATION_FORMAT = "dwarf-with-dsym";
				ENABLE_NS_ASSERTIONS = NO;
				ENABLE_STRICT_OBJC_MSGSEND = YES;
				GCC_C_LANGUAGE_STANDARD = gnu11;
				GCC_NO_COMMON_BLOCKS = YES;
				GCC_WARN_64_TO_32_BIT_CONVERSION = YES;
				GCC_WARN_ABOUT_RETURN_TYPE = YES_ERROR;
				GCC_WARN_UNDECLARED_SELECTOR = YES;
				GCC_WARN_UNINITIALIZED_AUTOS = YES_AGGRESSIVE;
				GCC_WARN_UNUSED_FUNCTION = YES;
				GCC_WARN_UNUSED_VARIABLE = YES;
				IPHONEOS_DEPLOYMENT_TARGET = 13.2;
				MTL_ENABLE_DEBUG_INFO = NO;
				MTL_FAST_MATH = YES;
				SDKROOT = iphoneos;
				SWIFT_COMPILATION_MODE = wholemodule;
				SWIFT_OPTIMIZATION_LEVEL = "-O";
				VALIDATE_PRODUCT = YES;
			};
			name = Release;
		};
		C4514FCB23A85FE80007EBFB /* Debug */ = {
			isa = XCBuildConfiguration;
			buildSettings = {
				ASSETCATALOG_COMPILER_APPICON_NAME = AppIcon;
				CODE_SIGN_STYLE = Automatic;
				DEVELOPMENT_ASSET_PATHS = "\"NewsApp/Preview Content\"";
				DEVELOPMENT_TEAM = G59BWGA5L8;
				ENABLE_PREVIEWS = YES;
				INFOPLIST_FILE = NewsApp/Info.plist;
				LD_RUNPATH_SEARCH_PATHS = (
					"$(inherited)",
					"@executable_path/Frameworks",
				);
				PRODUCT_BUNDLE_IDENTIFIER = net.5lions.NewsApp;
				PRODUCT_NAME = "$(TARGET_NAME)";
				SWIFT_VERSION = 5.0;
				TARGETED_DEVICE_FAMILY = "1,2";
			};
			name = Debug;
		};
		C4514FCC23A85FE80007EBFB /* Release */ = {
			isa = XCBuildConfiguration;
			buildSettings = {
				ASSETCATALOG_COMPILER_APPICON_NAME = AppIcon;
				CODE_SIGN_STYLE = Automatic;
				DEVELOPMENT_ASSET_PATHS = "\"NewsApp/Preview Content\"";
				DEVELOPMENT_TEAM = G59BWGA5L8;
				ENABLE_PREVIEWS = YES;
				INFOPLIST_FILE = NewsApp/Info.plist;
				LD_RUNPATH_SEARCH_PATHS = (
					"$(inherited)",
					"@executable_path/Frameworks",
				);
				PRODUCT_BUNDLE_IDENTIFIER = net.5lions.NewsApp;
				PRODUCT_NAME = "$(TARGET_NAME)";
				SWIFT_VERSION = 5.0;
				TARGETED_DEVICE_FAMILY = "1,2";
			};
			name = Release;
		};
/* End XCBuildConfiguration section */

/* Begin XCConfigurationList section */
		C4514FB123A85FE50007EBFB /* Build configuration list for PBXProject "NewsApp" */ = {
			isa = XCConfigurationList;
			buildConfigurations = (
				C4514FC823A85FE80007EBFB /* Debug */,
				C4514FC923A85FE80007EBFB /* Release */,
			);
			defaultConfigurationIsVisible = 0;
			defaultConfigurationName = Release;
		};
		C4514FCA23A85FE80007EBFB /* Build configuration list for PBXNativeTarget "NewsApp" */ = {
			isa = XCConfigurationList;
			buildConfigurations = (
				C4514FCB23A85FE80007EBFB /* Debug */,
				C4514FCC23A85FE80007EBFB /* Release */,
			);
			defaultConfigurationIsVisible = 0;
			defaultConfigurationName = Release;
		};
/* End XCConfigurationList section */
	};
	rootObject = C4514FAE23A85FE50007EBFB /* Project object */;
}
